
Microsoft Visual Studio Solution File, Format Version 12.00
# Visual Studio Version 17
VisualStudioVersion = 17.3.32819.101
MinimumVisualStudioVersion = 10.0.40219.1
Project("{9A19103F-16F7-4668-BE54-9A1E7A4F7556}") = "Lab2", "Lab2\Lab2.csproj", "{E4FE2DA8-C635-405D-9471-5D6A4D24050B}"
EndProject
Project("{9A19103F-16F7-4668-BE54-9A1E7A4F7556}") = "TestProject1", "TestProject1\TestProject1.csproj", "{EF3B6025-1221-480D-B4F9-61E4DD8B61AD}"
EndProject
Global
	GlobalSection(SolutionConfigurationPlatforms) = preSolution
		Debug|Any CPU = Debug|Any CPU
		Release|Any CPU = Release|Any CPU
	EndGlobalSection
	GlobalSection(ProjectConfigurationPlatforms) = postSolution
		{E4FE2DA8-C635-405D-9471-5D6A4D24050B}.Debug|Any CPU.ActiveCfg = Debug|Any CPU
		{E4FE2DA8-C635-405D-9471-5D6A4D24050B}.Debug|Any CPU.Build.0 = Debug|Any CPU
		{E4FE2DA8-C635-405D-9471-5D6A4D24050B}.Release|Any CPU.ActiveCfg = Release|Any CPU
		{E4FE2DA8-C635-405D-9471-5D6A4D24050B}.Release|Any CPU.Build.0 = Release|Any CPU
		{EF3B6025-1221-480D-B4F9-61E4DD8B61AD}.Debug|Any CPU.ActiveCfg = Debug|Any CPU
		{EF3B6025-1221-480D-B4F9-61E4DD8B61AD}.Debug|Any CPU.Build.0 = Debug|Any CPU
		{EF3B6025-1221-480D-B4F9-61E4DD8B61AD}.Release|Any CPU.ActiveCfg = Release|Any CPU
		{EF3B6025-1221-480D-B4F9-61E4DD8B61AD}.Release|Any CPU.Build.0 = Release|Any CPU
	EndGlobalSection
	GlobalSection(SolutionProperties) = preSolution
		HideSolutionNode = FALSE
	EndGlobalSection
	GlobalSection(ExtensibilityGlobals) = postSolution
		SolutionGuid = {4CEFAE8A-4715-4CCB-8829-B3CF19C3A66D}
	EndGlobalSection
EndGlobal
