
Microsoft Visual Studio Solution File, Format Version 12.00
# Visual Studio Version 17
VisualStudioVersion = 17.3.32819.101
MinimumVisualStudioVersion = 10.0.40219.1
Project("{9A19103F-16F7-4668-BE54-9A1E7A4F7556}") = "lab4", "lab4\lab4.csproj", "{19EEFF8E-6AEC-4DCC-AAA6-5CD7C56520A3}"
EndProject
Project("{FAE04EC0-301F-11D3-BF4B-00C04F79EFBC}") = "Test", "Test\Test.csproj", "{AD351428-2929-4544-8FA5-5A2DC5331E75}"
EndProject
Global
	GlobalSection(SolutionConfigurationPlatforms) = preSolution
		Debug|Any CPU = Debug|Any CPU
		Release|Any CPU = Release|Any CPU
	EndGlobalSection
	GlobalSection(ProjectConfigurationPlatforms) = postSolution
		{19EEFF8E-6AEC-4DCC-AAA6-5CD7C56520A3}.Debug|Any CPU.ActiveCfg = Debug|Any CPU
		{19EEFF8E-6AEC-4DCC-AAA6-5CD7C56520A3}.Debug|Any CPU.Build.0 = Debug|Any CPU
		{19EEFF8E-6AEC-4DCC-AAA6-5CD7C56520A3}.Release|Any CPU.ActiveCfg = Release|Any CPU
		{19EEFF8E-6AEC-4DCC-AAA6-5CD7C56520A3}.Release|Any CPU.Build.0 = Release|Any CPU
		{AD351428-2929-4544-8FA5-5A2DC5331E75}.Debug|Any CPU.ActiveCfg = Debug|Any CPU
		{AD351428-2929-4544-8FA5-5A2DC5331E75}.Debug|Any CPU.Build.0 = Debug|Any CPU
		{AD351428-2929-4544-8FA5-5A2DC5331E75}.Release|Any CPU.ActiveCfg = Release|Any CPU
		{AD351428-2929-4544-8FA5-5A2DC5331E75}.Release|Any CPU.Build.0 = Release|Any CPU
	EndGlobalSection
	GlobalSection(SolutionProperties) = preSolution
		HideSolutionNode = FALSE
	EndGlobalSection
	GlobalSection(ExtensibilityGlobals) = postSolution
		SolutionGuid = {41D2795A-DD76-4D6F-9EC3-C83C846AFFA4}
	EndGlobalSection
EndGlobal
