
Microsoft Visual Studio Solution File, Format Version 12.00
# Visual Studio Version 17
VisualStudioVersion = 17.3.32929.385
MinimumVisualStudioVersion = 10.0.40219.1
Project("{FAE04EC0-301F-11D3-BF4B-00C04F79EFBC}") = "lab6", "lab6\lab6.csproj", "{B09DFC3F-20CC-4821-AD48-8E6E84FE05A6}"
EndProject
Global
	GlobalSection(SolutionConfigurationPlatforms) = preSolution
		Debug|Any CPU = Debug|Any CPU
		Release|Any CPU = Release|Any CPU
	EndGlobalSection
	GlobalSection(ProjectConfigurationPlatforms) = postSolution
		{B09DFC3F-20CC-4821-AD48-8E6E84FE05A6}.Debug|Any CPU.ActiveCfg = Debug|Any CPU
		{B09DFC3F-20CC-4821-AD48-8E6E84FE05A6}.Debug|Any CPU.Build.0 = Debug|Any CPU
		{B09DFC3F-20CC-4821-AD48-8E6E84FE05A6}.Release|Any CPU.ActiveCfg = Release|Any CPU
		{B09DFC3F-20CC-4821-AD48-8E6E84FE05A6}.Release|Any CPU.Build.0 = Release|Any CPU
	EndGlobalSection
	GlobalSection(SolutionProperties) = preSolution
		HideSolutionNode = FALSE
	EndGlobalSection
	GlobalSection(ExtensibilityGlobals) = postSolution
		SolutionGuid = {BE77C37D-4A67-4FB0-A07F-F14E7095F75F}
	EndGlobalSection
EndGlobal
